
Microsoft Visual Studio Solution File, Format Version 12.00
# Visual Studio Version 17
VisualStudioVersion = 17.10.35013.160
MinimumVisualStudioVersion = 10.0.40219.1
Project("{9A19103F-16F7-4668-BE54-9A1E7A4F7556}") = "Homework_4.1", "Homework_4.1\Homework_4.1.csproj", "{9EFEA2D2-58E4-4932-90AC-31CB8326EA0C}"
EndProject
Project("{9A19103F-16F7-4668-BE54-9A1E7A4F7556}") = "Homework 4.2", "Homework 4.2\Homework 4.2.csproj", "{52EDA961-21F9-4AD6-86AA-C653B98578C5}"
EndProject
Project("{9A19103F-16F7-4668-BE54-9A1E7A4F7556}") = "Hillel_Lesson", "Hillel_Lesson\Hillel_Lesson.csproj", "{F1E9CD06-F969-41EF-A1A0-215E5B79FDF0}"
EndProject
Project("{9A19103F-16F7-4668-BE54-9A1E7A4F7556}") = "Homework 5.1", "Homework 5.1\Homework 5.1.csproj", "{CCE761A8-7BFD-40FB-90DD-71BA40651398}"
EndProject
Project("{9A19103F-16F7-4668-BE54-9A1E7A4F7556}") = "Homework 5.2", "Homework 5.2\Homework 5.2.csproj", "{10CF7367-10FC-4D18-8D86-7876BD8049F2}"
EndProject
Project("{9A19103F-16F7-4668-BE54-9A1E7A4F7556}") = "Homework_6.1", "Homework_6.1\Homework_6.1.csproj", "{681AD82D-4F38-453D-8594-BCF8191356FC}"
EndProject
Project("{9A19103F-16F7-4668-BE54-9A1E7A4F7556}") = "Homework_7.1", "Homework_7.1\Homework_7.1.csproj", "{1680E347-2CD3-4B88-B364-F736BFD20D7E}"
EndProject
Project("{FAE04EC0-301F-11D3-BF4B-00C04F79EFBC}") = "Homework 8.1", "Homework 8.1\Homework 8.1.csproj", "{DAE02282-C800-4030-90BF-2423AF9EF404}"
EndProject
Global
	GlobalSection(SolutionConfigurationPlatforms) = preSolution
		Debug|Any CPU = Debug|Any CPU
		Release|Any CPU = Release|Any CPU
	EndGlobalSection
	GlobalSection(ProjectConfigurationPlatforms) = postSolution
		{9EFEA2D2-58E4-4932-90AC-31CB8326EA0C}.Debug|Any CPU.ActiveCfg = Debug|Any CPU
		{9EFEA2D2-58E4-4932-90AC-31CB8326EA0C}.Debug|Any CPU.Build.0 = Debug|Any CPU
		{9EFEA2D2-58E4-4932-90AC-31CB8326EA0C}.Release|Any CPU.ActiveCfg = Release|Any CPU
		{9EFEA2D2-58E4-4932-90AC-31CB8326EA0C}.Release|Any CPU.Build.0 = Release|Any CPU
		{52EDA961-21F9-4AD6-86AA-C653B98578C5}.Debug|Any CPU.ActiveCfg = Debug|Any CPU
		{52EDA961-21F9-4AD6-86AA-C653B98578C5}.Debug|Any CPU.Build.0 = Debug|Any CPU
		{52EDA961-21F9-4AD6-86AA-C653B98578C5}.Release|Any CPU.ActiveCfg = Release|Any CPU
		{52EDA961-21F9-4AD6-86AA-C653B98578C5}.Release|Any CPU.Build.0 = Release|Any CPU
		{F1E9CD06-F969-41EF-A1A0-215E5B79FDF0}.Debug|Any CPU.ActiveCfg = Debug|Any CPU
		{F1E9CD06-F969-41EF-A1A0-215E5B79FDF0}.Debug|Any CPU.Build.0 = Debug|Any CPU
		{F1E9CD06-F969-41EF-A1A0-215E5B79FDF0}.Release|Any CPU.ActiveCfg = Release|Any CPU
		{F1E9CD06-F969-41EF-A1A0-215E5B79FDF0}.Release|Any CPU.Build.0 = Release|Any CPU
		{CCE761A8-7BFD-40FB-90DD-71BA40651398}.Debug|Any CPU.ActiveCfg = Debug|Any CPU
		{CCE761A8-7BFD-40FB-90DD-71BA40651398}.Debug|Any CPU.Build.0 = Debug|Any CPU
		{CCE761A8-7BFD-40FB-90DD-71BA40651398}.Release|Any CPU.ActiveCfg = Release|Any CPU
		{CCE761A8-7BFD-40FB-90DD-71BA40651398}.Release|Any CPU.Build.0 = Release|Any CPU
		{10CF7367-10FC-4D18-8D86-7876BD8049F2}.Debug|Any CPU.ActiveCfg = Debug|Any CPU
		{10CF7367-10FC-4D18-8D86-7876BD8049F2}.Debug|Any CPU.Build.0 = Debug|Any CPU
		{10CF7367-10FC-4D18-8D86-7876BD8049F2}.Release|Any CPU.ActiveCfg = Release|Any CPU
		{10CF7367-10FC-4D18-8D86-7876BD8049F2}.Release|Any CPU.Build.0 = Release|Any CPU
		{681AD82D-4F38-453D-8594-BCF8191356FC}.Debug|Any CPU.ActiveCfg = Debug|Any CPU
		{681AD82D-4F38-453D-8594-BCF8191356FC}.Debug|Any CPU.Build.0 = Debug|Any CPU
		{681AD82D-4F38-453D-8594-BCF8191356FC}.Release|Any CPU.ActiveCfg = Release|Any CPU
		{681AD82D-4F38-453D-8594-BCF8191356FC}.Release|Any CPU.Build.0 = Release|Any CPU
		{1680E347-2CD3-4B88-B364-F736BFD20D7E}.Debug|Any CPU.ActiveCfg = Debug|Any CPU
		{1680E347-2CD3-4B88-B364-F736BFD20D7E}.Debug|Any CPU.Build.0 = Debug|Any CPU
		{1680E347-2CD3-4B88-B364-F736BFD20D7E}.Release|Any CPU.ActiveCfg = Release|Any CPU
		{1680E347-2CD3-4B88-B364-F736BFD20D7E}.Release|Any CPU.Build.0 = Release|Any CPU
		{DAE02282-C800-4030-90BF-2423AF9EF404}.Debug|Any CPU.ActiveCfg = Debug|Any CPU
		{DAE02282-C800-4030-90BF-2423AF9EF404}.Debug|Any CPU.Build.0 = Debug|Any CPU
		{DAE02282-C800-4030-90BF-2423AF9EF404}.Release|Any CPU.ActiveCfg = Release|Any CPU
		{DAE02282-C800-4030-90BF-2423AF9EF404}.Release|Any CPU.Build.0 = Release|Any CPU
	EndGlobalSection
	GlobalSection(SolutionProperties) = preSolution
		HideSolutionNode = FALSE
	EndGlobalSection
	GlobalSection(ExtensibilityGlobals) = postSolution
		SolutionGuid = {ECF23993-8E94-40D1-859E-5A0BB749B774}
	EndGlobalSection
EndGlobal
