
Microsoft Visual Studio Solution File, Format Version 12.00
# Visual Studio Version 17
VisualStudioVersion = 17.10.35013.160
MinimumVisualStudioVersion = 10.0.40219.1
Project("{FAE04EC0-301F-11D3-BF4B-00C04F79EFBC}") = "Hillel_Lessons", "Hillel_Lessons\Hillel_Lessons.csproj", "{DCE3C3C4-9579-44BC-ABC6-8E104791BE94}"
EndProject
Project("{FAE04EC0-301F-11D3-BF4B-00C04F79EFBC}") = "Homework_4.1", "Homework_4.1\Homework_4.1.csproj", "{9EFEA2D2-58E4-4932-90AC-31CB8326EA0C}"
EndProject
Project("{FAE04EC0-301F-11D3-BF4B-00C04F79EFBC}") = "Homework 4.2", "Homework 4.2\Homework 4.2.csproj", "{52EDA961-21F9-4AD6-86AA-C653B98578C5}"
EndProject
Global
	GlobalSection(SolutionConfigurationPlatforms) = preSolution
		Debug|Any CPU = Debug|Any CPU
		Release|Any CPU = Release|Any CPU
	EndGlobalSection
	GlobalSection(ProjectConfigurationPlatforms) = postSolution
		{DCE3C3C4-9579-44BC-ABC6-8E104791BE94}.Debug|Any CPU.ActiveCfg = Debug|Any CPU
		{DCE3C3C4-9579-44BC-ABC6-8E104791BE94}.Debug|Any CPU.Build.0 = Debug|Any CPU
		{DCE3C3C4-9579-44BC-ABC6-8E104791BE94}.Release|Any CPU.ActiveCfg = Release|Any CPU
		{DCE3C3C4-9579-44BC-ABC6-8E104791BE94}.Release|Any CPU.Build.0 = Release|Any CPU
		{9EFEA2D2-58E4-4932-90AC-31CB8326EA0C}.Debug|Any CPU.ActiveCfg = Debug|Any CPU
		{9EFEA2D2-58E4-4932-90AC-31CB8326EA0C}.Debug|Any CPU.Build.0 = Debug|Any CPU
		{9EFEA2D2-58E4-4932-90AC-31CB8326EA0C}.Release|Any CPU.ActiveCfg = Release|Any CPU
		{9EFEA2D2-58E4-4932-90AC-31CB8326EA0C}.Release|Any CPU.Build.0 = Release|Any CPU
		{52EDA961-21F9-4AD6-86AA-C653B98578C5}.Debug|Any CPU.ActiveCfg = Debug|Any CPU
		{52EDA961-21F9-4AD6-86AA-C653B98578C5}.Debug|Any CPU.Build.0 = Debug|Any CPU
		{52EDA961-21F9-4AD6-86AA-C653B98578C5}.Release|Any CPU.ActiveCfg = Release|Any CPU
		{52EDA961-21F9-4AD6-86AA-C653B98578C5}.Release|Any CPU.Build.0 = Release|Any CPU
	EndGlobalSection
	GlobalSection(SolutionProperties) = preSolution
		HideSolutionNode = FALSE
	EndGlobalSection
	GlobalSection(ExtensibilityGlobals) = postSolution
		SolutionGuid = {ECF23993-8E94-40D1-859E-5A0BB749B774}
	EndGlobalSection
EndGlobal
